
Microsoft Visual Studio Solution File, Format Version 12.00
# Visual Studio Version 17
VisualStudioVersion = 17.7.34302.85
MinimumVisualStudioVersion = 10.0.40219.1
Project("{FAE04EC0-301F-11D3-BF4B-00C04F79EFBC}") = "Tic Tac Toe Excercise", "Tic Tac Toe Excercise\Tic Tac Toe Excercise.csproj", "{3253B279-446C-45A2-8080-074622579C7A}"
EndProject
Global
	GlobalSection(SolutionConfigurationPlatforms) = preSolution
		Debug|Any CPU = Debug|Any CPU
		Release|Any CPU = Release|Any CPU
	EndGlobalSection
	GlobalSection(ProjectConfigurationPlatforms) = postSolution
		{3253B279-446C-45A2-8080-074622579C7A}.Debug|Any CPU.ActiveCfg = Debug|Any CPU
		{3253B279-446C-45A2-8080-074622579C7A}.Debug|Any CPU.Build.0 = Debug|Any CPU
		{3253B279-446C-45A2-8080-074622579C7A}.Release|Any CPU.ActiveCfg = Release|Any CPU
		{3253B279-446C-45A2-8080-074622579C7A}.Release|Any CPU.Build.0 = Release|Any CPU
	EndGlobalSection
	GlobalSection(SolutionProperties) = preSolution
		HideSolutionNode = FALSE
	EndGlobalSection
	GlobalSection(ExtensibilityGlobals) = postSolution
		SolutionGuid = {093E20E0-3B50-4B91-A85F-488123521504}
	EndGlobalSection
EndGlobal
